// !$*UTF8*$!
{
	archiveVersion = 1;
	classes = {
	};
	objectVersion = 46;
	objects = {

/* Begin PBXBuildFile section */
		B37D26AB1E45031D00B8C34C /* main.cpp in Sources */ = {isa = PBXBuildFile; fileRef = B37D26AA1E45031D00B8C34C /* main.cpp */; };
/* End PBXBuildFile section */

/* Begin PBXFileReference section */
		B37D26A71E45031D00B8C34C /* Fractals */ = {isa = PBXFileReference; explicitFileType = "compiled.mach-o.executable"; includeInIndex = 0; path = Fractals; sourceTree = BUILT_PRODUCTS_DIR; };
		B37D26AA1E45031D00B8C34C /* main.cpp */ = {isa = PBXFileReference; lastKnownFileType = sourcecode.cpp.cpp; path = main.cpp; sourceTree = "<group>"; };
/* End PBXFileReference section */

/* Begin PBXFrameworksBuildPhase section */
		B37D26A51E45031D00B8C34C /* Frameworks */ = {
			isa = PBXFrameworksBuildPhase;
			buildActionMask = 2147483647;
			files = (
			);
			runOnlyForDeploymentPostprocessing = 0;
		};
/* End PBXFrameworksBuildPhase section */

/* Begin PBXGroup section */
		B37D269F1E45031D00B8C34C = {
			isa = PBXGroup;
			children = (
				B37D26A91E45031D00B8C34C /* Fractals */,
				B37D26A81E45031D00B8C34C /* Products */,
			);
			sourceTree = "<group>";
		};
		B37D26A81E45031D00B8C34C /* Products */ = {
			isa = PBXGroup;
			children = (
				B37D26A71E45031D00B8C34C /* Fractals */,
			);
			name = Products;
			sourceTree = "<group>";
		};
		B37D26A91E45031D00B8C34C /* Fractals */ = {
			isa = PBXGroup;
			children = (
				B37D26AA1E45031D00B8C34C /* main.cpp */,
				B37D26AC1E45031D00B8C34C /* Resources */,
			);
			path = Fractals;
			sourceTree = "<group>";
		};
		B37D26AC1E45031D00B8C34C /* Resources */ = {
			isa = PBXGroup;
			children = (
			);
			name = Resources;
			sourceTree = "<group>";
		};
/* End PBXGroup section */

/* Begin PBXNativeTarget section */
		B37D26A61E45031D00B8C34C /* Fractals */ = {
			isa = PBXNativeTarget;
			buildConfigurationList = B37D26B31E45031E00B8C34C /* Build configuration list for PBXNativeTarget "Fractals" */;
			buildPhases = (
				B37D26A41E45031D00B8C34C /* Sources */,
				B37D26A51E45031D00B8C34C /* Frameworks */,
			);
			buildRules = (
			);
			dependencies = (
			);
			name = Fractals;
			productName = Fractals;
			productReference = B37D26A71E45031D00B8C34C /* Fractals */;
			productType = "com.apple.product-type.tool";
		};
/* End PBXNativeTarget section */

/* Begin PBXProject section */
		B37D26A01E45031D00B8C34C /* Project object */ = {
			isa = PBXProject;
			attributes = {
				LastUpgradeCheck = 0820;
				ORGANIZATIONNAME = Connor_yass;
				TargetAttributes = {
					B37D26A61E45031D00B8C34C = {
						CreatedOnToolsVersion = 8.2.1;
						ProvisioningStyle = Automatic;
					};
				};
			};
			buildConfigurationList = B37D26A31E45031D00B8C34C /* Build configuration list for PBXProject "Fractals" */;
			compatibilityVersion = "Xcode 3.2";
			developmentRegion = English;
			hasScannedForEncodings = 0;
			knownRegions = (
				en,
			);
			mainGroup = B37D269F1E45031D00B8C34C;
			productRefGroup = B37D26A81E45031D00B8C34C /* Products */;
			projectDirPath = "";
			projectRoot = "";
			targets = (
				B37D26A61E45031D00B8C34C /* Fractals */,
			);
		};
/* End PBXProject section */

/* Begin PBXSourcesBuildPhase section */
		B37D26A41E45031D00B8C34C /* Sources */ = {
			isa = PBXSourcesBuildPhase;
			buildActionMask = 2147483647;
			files = (
				B37D26AB1E45031D00B8C34C /* main.cpp in Sources */,
			);
			runOnlyForDeploymentPostprocessing = 0;
		};
/* End PBXSourcesBuildPhase section */

/* Begin XCBuildConfiguration section */
		B37D26B11E45031E00B8C34C /* Debug */ = {
			isa = XCBuildConfiguration;
			buildSettings = {
				ARCHS = (
					i386,
					x86_64,
				);
				CLANG_CXX_LANGUAGE_STANDARD = "c++0x";
				CLANG_CXX_LIBRARY = "libc++";
				FRAMEWORK_SEARCH_PATHS = (
					/Library/Frameworks/,
					"$(inherited)",
				);
				GCC_VERSION = com.apple.compilers.llvm.clang.1_0;
				HEADER_SEARCH_PATHS = (
					/usr/local/include/,
					"$(inherited)",
				);
				LIBRARY_SEARCH_PATHS = (
					/usr/local/lib/,
					"$(inherited)",
				);
				MACOSX_DEPLOYMENT_TARGET = 10.7;
				OTHER_LDFLAGS = (
					"$(inherited)",
					"$(SFML_SYSTEM)",
					"$(SFML_WINDOW)",
					"$(SFML_GRAPHICS)",
					"$(SFML_AUDIO)",
					"$(SFML_NETWORK)",
				);
				SFML_AUDIO = "";
				SFML_BINARY_TYPE = FRAMEWORKS;
				SFML_GRAPHICS = "$(SFML_LINK_PREFIX) sfml-graphics$(SFML_LINK_SUFFIX)";
				SFML_LINK_DYLIBS_PREFIX = "-l";
				SFML_LINK_DYLIBS_SUFFIX = "";
				SFML_LINK_FRAMEWORKS_PREFIX = "-framework";
				SFML_LINK_FRAMEWORKS_SUFFIX = "";
				SFML_LINK_PREFIX = "$(SFML_LINK_$(SFML_BINARY_TYPE)_PREFIX)";
				SFML_LINK_SUFFIX = "$(SFML_LINK_$(SFML_BINARY_TYPE)_SUFFIX)";
				SFML_NETWORK = "";
				SFML_SYSTEM = "$(SFML_LINK_PREFIX) sfml-system$(SFML_LINK_SUFFIX)";
				SFML_WINDOW = "$(SFML_LINK_PREFIX) sfml-window$(SFML_LINK_SUFFIX)";
				SUPPORTED_PLATFORMS = macosx;
			};
			name = Debug;
		};
		B37D26B21E45031E00B8C34C /* Release */ = {
			isa = XCBuildConfiguration;
			buildSettings = {
				ARCHS = (
					i386,
					x86_64,
				);
				CLANG_CXX_LANGUAGE_STANDARD = "c++0x";
				CLANG_CXX_LIBRARY = "libc++";
				FRAMEWORK_SEARCH_PATHS = (
					/Library/Frameworks/,
					"$(inherited)",
				);
				GCC_VERSION = com.apple.compilers.llvm.clang.1_0;
				HEADER_SEARCH_PATHS = (
					/usr/local/include/,
					"$(inherited)",
				);
				LIBRARY_SEARCH_PATHS = (
					/usr/local/lib/,
					"$(inherited)",
				);
				MACOSX_DEPLOYMENT_TARGET = 10.7;
				OTHER_LDFLAGS = (
					"$(inherited)",
					"$(SFML_SYSTEM)",
					"$(SFML_WINDOW)",
					"$(SFML_GRAPHICS)",
					"$(SFML_AUDIO)",
					"$(SFML_NETWORK)",
				);
				SFML_AUDIO = "";
				SFML_BINARY_TYPE = FRAMEWORKS;
				SFML_GRAPHICS = "$(SFML_LINK_PREFIX) sfml-graphics$(SFML_LINK_SUFFIX)";
				SFML_LINK_DYLIBS_PREFIX = "-l";
				SFML_LINK_DYLIBS_SUFFIX = "";
				SFML_LINK_FRAMEWORKS_PREFIX = "-framework";
				SFML_LINK_FRAMEWORKS_SUFFIX = "";
				SFML_LINK_PREFIX = "$(SFML_LINK_$(SFML_BINARY_TYPE)_PREFIX)";
				SFML_LINK_SUFFIX = "$(SFML_LINK_$(SFML_BINARY_TYPE)_SUFFIX)";
				SFML_NETWORK = "";
				SFML_SYSTEM = "$(SFML_LINK_PREFIX) sfml-system$(SFML_LINK_SUFFIX)";
				SFML_WINDOW = "$(SFML_LINK_PREFIX) sfml-window$(SFML_LINK_SUFFIX)";
				SUPPORTED_PLATFORMS = macosx;
			};
			name = Release;
		};
		B37D26B41E45031E00B8C34C /* Debug */ = {
			isa = XCBuildConfiguration;
			buildSettings = {
				PRODUCT_NAME = "$(TARGET_NAME)";
			};
			name = Debug;
		};
		B37D26B51E45031E00B8C34C /* Release */ = {
			isa = XCBuildConfiguration;
			buildSettings = {
				PRODUCT_NAME = "$(TARGET_NAME)";
			};
			name = Release;
		};
/* End XCBuildConfiguration section */

/* Begin XCConfigurationList section */
		B37D26A31E45031D00B8C34C /* Build configuration list for PBXProject "Fractals" */ = {
			isa = XCConfigurationList;
			buildConfigurations = (
				B37D26B11E45031E00B8C34C /* Debug */,
				B37D26B21E45031E00B8C34C /* Release */,
			);
			defaultConfigurationIsVisible = 0;
			defaultConfigurationName = Release;
		};
		B37D26B31E45031E00B8C34C /* Build configuration list for PBXNativeTarget "Fractals" */ = {
			isa = XCConfigurationList;
			buildConfigurations = (
				B37D26B41E45031E00B8C34C /* Debug */,
				B37D26B51E45031E00B8C34C /* Release */,
			);
			defaultConfigurationIsVisible = 0;
		};
/* End XCConfigurationList section */
	};
	rootObject = B37D26A01E45031D00B8C34C /* Project object */;
}
